
Microsoft Visual Studio Solution File, Format Version 12.00
# Visual Studio 15
VisualStudioVersion = 15.0.28307.271
MinimumVisualStudioVersion = 10.0.40219.1
Project("{FAE04EC0-301F-11D3-BF4B-00C04F79EFBC}") = "InnovationGUI", "InnovationGUI\InnovationGUI.csproj", "{AD1115CD-2968-4C4B-9061-D26F9AFBFECF}"
EndProject
Global
	GlobalSection(SolutionConfigurationPlatforms) = preSolution
		Debug|Any CPU = Debug|Any CPU
		Release|Any CPU = Release|Any CPU
	EndGlobalSection
	GlobalSection(ProjectConfigurationPlatforms) = postSolution
		{AD1115CD-2968-4C4B-9061-D26F9AFBFECF}.Debug|Any CPU.ActiveCfg = Debug|Any CPU
		{AD1115CD-2968-4C4B-9061-D26F9AFBFECF}.Debug|Any CPU.Build.0 = Debug|Any CPU
		{AD1115CD-2968-4C4B-9061-D26F9AFBFECF}.Release|Any CPU.ActiveCfg = Release|Any CPU
		{AD1115CD-2968-4C4B-9061-D26F9AFBFECF}.Release|Any CPU.Build.0 = Release|Any CPU
	EndGlobalSection
	GlobalSection(SolutionProperties) = preSolution
		HideSolutionNode = FALSE
	EndGlobalSection
	GlobalSection(ExtensibilityGlobals) = postSolution
		SolutionGuid = {06A68478-17C1-4DB4-87F3-53955893C86B}
	EndGlobalSection
EndGlobal
